
Microsoft Visual Studio Solution File, Format Version 12.00
# Visual Studio Version 17
VisualStudioVersion = 17.3.32901.215
MinimumVisualStudioVersion = 10.0.40219.1
Project("{FAE04EC0-301F-11D3-BF4B-00C04F79EFBC}") = "uygulama2", "uygulama2\uygulama2.csproj", "{D02E5224-C353-43D3-B5FD-C2DF71639414}"
EndProject
Global
	GlobalSection(SolutionConfigurationPlatforms) = preSolution
		Debug|Any CPU = Debug|Any CPU
		Release|Any CPU = Release|Any CPU
	EndGlobalSection
	GlobalSection(ProjectConfigurationPlatforms) = postSolution
		{D02E5224-C353-43D3-B5FD-C2DF71639414}.Debug|Any CPU.ActiveCfg = Debug|Any CPU
		{D02E5224-C353-43D3-B5FD-C2DF71639414}.Debug|Any CPU.Build.0 = Debug|Any CPU
		{D02E5224-C353-43D3-B5FD-C2DF71639414}.Release|Any CPU.ActiveCfg = Release|Any CPU
		{D02E5224-C353-43D3-B5FD-C2DF71639414}.Release|Any CPU.Build.0 = Release|Any CPU
	EndGlobalSection
	GlobalSection(SolutionProperties) = preSolution
		HideSolutionNode = FALSE
	EndGlobalSection
	GlobalSection(ExtensibilityGlobals) = postSolution
		SolutionGuid = {68C2A9C9-870A-4266-A4EE-1068F646A311}
	EndGlobalSection
EndGlobal
